PODS:
  - FlutterMacOS (1.0.0)
  - moodiary_rust (0.0.1):
    - FlutterMacOS

DEPENDENCIES:
  - FlutterMacOS (from `Flutter/ephemeral`)
  - moodiary_rust (from `Flutter/ephemeral/.symlinks/plugins/moodiary_rust/macos`)

EXTERNAL SOURCES:
  FlutterMacOS:
    :path: Flutter/ephemeral
  moodiary_rust:
    :path: Flutter/ephemeral/.symlinks/plugins/moodiary_rust/macos

SPEC CHECKSUMS:
  FlutterMacOS: d0db08ddef1a9af05a5ec4b724367152bb0500b1
  moodiary_rust: 2b62757df45cc789849fd2816fe696d12fac58b2

PODFILE CHECKSUM: f0c21717cb7ee9112f915044c74bfceb5b12e02a

COCOAPODS: 1.15.2
